{
    "name": "@local/job-cleanup",
    "version": "0.0.0",
    "lockfileVersion": 3,
    "requires": true,
    "packages": {
        "": {
            "name": "@local/job-cleanup",
            "version": "0.0.0",
            "license": "Apache-2.0",
            "dependencies": {
                "uuid": "^9.0.0"
            },
            "devDependencies": {
                "@mcma/core": "0.16.8",
                "@mcma/data": "0.16.8",
                "@mcma/worker-invoker": "0.16.8",
                "@types/node": "^18.15.11",
                "@types/uuid": "^9.0.1"
            },
            "peerDependencies": {
                "@mcma/api": "0.16.8",
                "@mcma/core": "0.16.8",
                "@mcma/data": "0.16.8",
                "@mcma/worker-invoker": "0.16.8"
            }
        },
        "node_modules/@mcma/api": {
            "version": "0.16.8",
            "resolved": "https://registry.npmjs.org/@mcma/api/-/api-0.16.8.tgz",
            "integrity": "sha512-DQjvffYAcp3WJ82lKF3UwHeZgo7Xf98ZdQRWh01qapjf5HrbFVn3hS2kKyP6JLAGur28XLhPcElHeTCR9wwZ5Q==",
            "peer": true,
            "dependencies": {
                "@types/uri-templates": "^0.1.30",
                "pluralize": "^7.0.0",
                "uri-templates": "^0.2.0",
                "uuid": "^9.0.0"
            },
            "engines": {
                "node": "^18.0.0"
            },
            "peerDependencies": {
                "@mcma/client": "0.16.8",
                "@mcma/core": "0.16.8",
                "@mcma/data": "0.16.8",
                "@mcma/secrets": "0.16.8",
                "@mcma/worker-invoker": "0.16.8"
            }
        },
        "node_modules/@mcma/client": {
            "version": "0.16.8",
            "resolved": "https://registry.npmjs.org/@mcma/client/-/client-0.16.8.tgz",
            "integrity": "sha512-DIeiSs+A5hwfsqgiPMFpTbPpYCcAP+eae8JLsnrQY5vIPfX/frFGdEW9RPbkNi+veiogqnThRy/DrwutQJoXVw==",
            "peer": true,
            "dependencies": {
                "axios": "^0.24.0"
            },
            "engines": {
                "node": "^18.0.0"
            },
            "peerDependencies": {
                "@mcma/core": "0.16.8",
                "@mcma/secrets": "0.16.8"
            }
        },
        "node_modules/@mcma/core": {
            "version": "0.16.8",
            "resolved": "https://registry.npmjs.org/@mcma/core/-/core-0.16.8.tgz",
            "integrity": "sha512-t6iCwaOTsuOg1CsCI2ix6zSxcOkFJX28+T2O2L2B6JsmUC/FUbowxHqxYkiwZQ7yHdk8sFi8rf29TdX/xRrG3A==",
            "dependencies": {
                "uuid": "^9.0.0"
            },
            "engines": {
                "node": "^18.0.0"
            }
        },
        "node_modules/@mcma/data": {
            "version": "0.16.8",
            "resolved": "https://registry.npmjs.org/@mcma/data/-/data-0.16.8.tgz",
            "integrity": "sha512-OnZpg+iV94sPZq29QxepEiS61771h+O6t8xpMyGWFd3qu6mP3Foz9qsiAChr8VUv22ZjuGs2Z/9p5He2a4L/Sg==",
            "engines": {
                "node": "^18.0.0"
            },
            "peerDependencies": {
                "@mcma/core": "0.16.8"
            }
        },
        "node_modules/@mcma/secrets": {
            "version": "0.16.8",
            "resolved": "https://registry.npmjs.org/@mcma/secrets/-/secrets-0.16.8.tgz",
            "integrity": "sha512-jbKmMk7kObCioUQCaRVVGRT4CG0N14A4xZ/O5gTmKtr6zOC9iiUDZ94hfRm2+42WxVc86u9PCjX4tDUDoOs4hw==",
            "peer": true,
            "engines": {
                "node": "^18.0.0"
            }
        },
        "node_modules/@mcma/worker-invoker": {
            "version": "0.16.8",
            "resolved": "https://registry.npmjs.org/@mcma/worker-invoker/-/worker-invoker-0.16.8.tgz",
            "integrity": "sha512-Y82vijJk0VCrXtWHJMX3WgUP7jp3zbPcV/unVLyHq3wLJnjkViEUqft9WgjaPsdLAHFy2K5MuQKJzg9vcAhNSQ==",
            "engines": {
                "node": "^18.0.0"
            },
            "peerDependencies": {
                "@mcma/core": "0.16.8"
            }
        },
        "node_modules/@types/node": {
            "version": "18.15.11",
            "resolved": "http://localhost:4873/@types%2fnode/-/node-18.15.11.tgz",
            "integrity": "sha512-E5Kwq2n4SbMzQOn6wnmBjuK9ouqlURrcZDVfbo9ftDDTFt3nk7ZKK4GMOzoYgnpQJKcxwQw+lGaBvvlMo0qN/Q==",
            "dev": true,
            "license": "MIT"
        },
        "node_modules/@types/uri-templates": {
            "version": "0.1.31",
            "resolved": "http://localhost:4873/@types%2furi-templates/-/uri-templates-0.1.31.tgz",
            "integrity": "sha512-sCokykpau15/CwBZvZg+HfcDcwre4/J3Zj7XyQgUrLS9OOdExIyK1tQ1tfQtM0P9qGU/U5y50FQOxqDX5rhcrQ==",
            "license": "MIT",
            "peer": true
        },
        "node_modules/@types/uuid": {
            "version": "9.0.1",
            "resolved": "http://localhost:4873/@types%2fuuid/-/uuid-9.0.1.tgz",
            "integrity": "sha512-rFT3ak0/2trgvp4yYZo5iKFEPsET7vKydKF+VRCxlQ9bpheehyAJH89dAkaLEq/j/RZXJIqcgsmPJKUP1Z28HA==",
            "dev": true,
            "license": "MIT"
        },
        "node_modules/axios": {
            "version": "0.24.0",
            "resolved": "https://registry.npmjs.org/axios/-/axios-0.24.0.tgz",
            "integrity": "sha512-Q6cWsys88HoPgAaFAVUb0WpPk0O8iTeisR9IMqy9G8AbO4NlpVknrnQS03zzF9PGAWgO3cgletO3VjV/P7VztA==",
            "peer": true,
            "dependencies": {
                "follow-redirects": "^1.14.4"
            }
        },
        "node_modules/follow-redirects": {
            "version": "1.15.3",
            "resolved": "https://registry.npmjs.org/follow-redirects/-/follow-redirects-1.15.3.tgz",
            "integrity": "sha512-1VzOtuEM8pC9SFU1E+8KfTjZyMztRsgEfwQl44z8A25uy13jSzTj6dyK2Df52iV0vgHCfBwLhDWevLn95w5v6Q==",
            "funding": [
                {
                    "type": "individual",
                    "url": "https://github.com/sponsors/RubenVerborgh"
                }
            ],
            "peer": true,
            "engines": {
                "node": ">=4.0"
            },
            "peerDependenciesMeta": {
                "debug": {
                    "optional": true
                }
            }
        },
        "node_modules/pluralize": {
            "version": "7.0.0",
            "resolved": "http://localhost:4873/pluralize/-/pluralize-7.0.0.tgz",
            "integrity": "sha512-ARhBOdzS3e41FbkW/XWrTEtukqqLoK5+Z/4UeDaLuSW+39JPeFgs4gCGqsrJHVZX0fUrx//4OF0K1CUGwlIFow==",
            "license": "MIT",
            "peer": true,
            "engines": {
                "node": ">=4"
            }
        },
        "node_modules/uri-templates": {
            "version": "0.2.0",
            "resolved": "http://localhost:4873/uri-templates/-/uri-templates-0.2.0.tgz",
            "integrity": "sha1-K1eEURzJCYaHMekjPCaAl9ELSZ8=",
            "license": "http://geraintluff.github.io/tv4/LICENSE.txt",
            "peer": true
        },
        "node_modules/uuid": {
            "version": "9.0.0",
            "resolved": "http://localhost:4873/uuid/-/uuid-9.0.0.tgz",
            "integrity": "sha512-MXcSTerfPa4uqyzStbRoTgt5XIe3x5+42+q1sDuy3R5MDk66URdLMOZe5aPX/SQd+kuYAh0FdP/pO28IkQyTeg==",
            "license": "MIT",
            "bin": {
                "uuid": "dist/bin/uuid"
            }
        }
    }
}
