{
    "name": "@local/data",
    "version": "0.0.0",
    "lockfileVersion": 3,
    "requires": true,
    "packages": {
        "": {
            "name": "@local/data",
            "version": "0.0.0",
            "license": "Apache-2.0",
            "dependencies": {
                "uuid": "^9.0.0"
            },
            "devDependencies": {
                "@mcma/core": "0.16.8",
                "@mcma/data": "0.16.8",
                "@types/node": "^18.15.11",
                "@types/uuid": "^9.0.1"
            },
            "peerDependencies": {
                "@mcma/core": "0.16.8",
                "@mcma/data": "0.16.8"
            }
        },
        "node_modules/@mcma/core": {
            "version": "0.16.8",
            "resolved": "https://registry.npmjs.org/@mcma/core/-/core-0.16.8.tgz",
            "integrity": "sha512-t6iCwaOTsuOg1CsCI2ix6zSxcOkFJX28+T2O2L2B6JsmUC/FUbowxHqxYkiwZQ7yHdk8sFi8rf29TdX/xRrG3A==",
            "dev": true,
            "dependencies": {
                "uuid": "^9.0.0"
            },
            "engines": {
                "node": "^18.0.0"
            }
        },
        "node_modules/@mcma/data": {
            "version": "0.16.8",
            "resolved": "https://registry.npmjs.org/@mcma/data/-/data-0.16.8.tgz",
            "integrity": "sha512-OnZpg+iV94sPZq29QxepEiS61771h+O6t8xpMyGWFd3qu6mP3Foz9qsiAChr8VUv22ZjuGs2Z/9p5He2a4L/Sg==",
            "dev": true,
            "engines": {
                "node": "^18.0.0"
            },
            "peerDependencies": {
                "@mcma/core": "0.16.8"
            }
        },
        "node_modules/@types/node": {
            "version": "18.15.11",
            "resolved": "http://localhost:4873/@types%2fnode/-/node-18.15.11.tgz",
            "integrity": "sha512-E5Kwq2n4SbMzQOn6wnmBjuK9ouqlURrcZDVfbo9ftDDTFt3nk7ZKK4GMOzoYgnpQJKcxwQw+lGaBvvlMo0qN/Q==",
            "dev": true,
            "license": "MIT"
        },
        "node_modules/@types/uuid": {
            "version": "9.0.1",
            "resolved": "http://localhost:4873/@types%2fuuid/-/uuid-9.0.1.tgz",
            "integrity": "sha512-rFT3ak0/2trgvp4yYZo5iKFEPsET7vKydKF+VRCxlQ9bpheehyAJH89dAkaLEq/j/RZXJIqcgsmPJKUP1Z28HA==",
            "dev": true,
            "license": "MIT"
        },
        "node_modules/uuid": {
            "version": "9.0.0",
            "resolved": "http://localhost:4873/uuid/-/uuid-9.0.0.tgz",
            "integrity": "sha512-MXcSTerfPa4uqyzStbRoTgt5XIe3x5+42+q1sDuy3R5MDk66URdLMOZe5aPX/SQd+kuYAh0FdP/pO28IkQyTeg==",
            "license": "MIT",
            "bin": {
                "uuid": "dist/bin/uuid"
            }
        }
    }
}
