{
    "name": "@local/data",
    "version": "0.0.0",
    "lockfileVersion": 3,
    "requires": true,
    "packages": {
        "": {
            "name": "@local/data",
            "version": "0.0.0",
            "license": "Apache-2.0",
            "dependencies": {
                "uuid": "^9.0.0"
            },
            "devDependencies": {
                "@mcma/core": "0.16.13",
                "@mcma/data": "0.16.13",
                "@types/node": "^18.15.11",
                "@types/uuid": "^9.0.1"
            },
            "peerDependencies": {
                "@mcma/core": "0.16.13",
                "@mcma/data": "0.16.13"
            }
        },
        "node_modules/@mcma/core": {
            "version": "0.16.13",
            "resolved": "https://registry.npmjs.org/@mcma/core/-/core-0.16.13.tgz",
            "integrity": "sha512-X5LVj7wQgjjA+h8DwJBH7wX32v7wYoazDxZxG97lwo/+1OlqIjyMEHk9NYeq3RnUBEwCI8zujxqS04rQrBf1CQ==",
            "dev": true,
            "dependencies": {
                "uuid": "^9.0.0"
            },
            "engines": {
                "node": "^18.0.0"
            }
        },
        "node_modules/@mcma/data": {
            "version": "0.16.13",
            "resolved": "https://registry.npmjs.org/@mcma/data/-/data-0.16.13.tgz",
            "integrity": "sha512-SkARdKF4Gk937WjuaZsBXSjbtAVUF1tyHllwREU3tzYgYRQHYhfcekIEelaJMinRewFEfQcMUXGNsius7LMd7g==",
            "dev": true,
            "engines": {
                "node": "^18.0.0"
            },
            "peerDependencies": {
                "@mcma/core": "0.16.13"
            }
        },
        "node_modules/@types/node": {
            "version": "18.18.13",
            "resolved": "https://registry.npmjs.org/@types/node/-/node-18.18.13.tgz",
            "integrity": "sha512-vXYZGRrSCreZmq1rEjMRLXJhiy8MrIeVasx+PCVlP414N7CJLHnMf+juVvjdprHyH+XRy3zKZLHeNueOpJCn0g==",
            "dev": true,
            "dependencies": {
                "undici-types": "~5.26.4"
            }
        },
        "node_modules/@types/uuid": {
            "version": "9.0.7",
            "resolved": "https://registry.npmjs.org/@types/uuid/-/uuid-9.0.7.tgz",
            "integrity": "sha512-WUtIVRUZ9i5dYXefDEAI7sh9/O7jGvHg7Df/5O/gtH3Yabe5odI3UWopVR1qbPXQtvOxWu3mM4XxlYeZtMWF4g==",
            "dev": true
        },
        "node_modules/undici-types": {
            "version": "5.26.5",
            "resolved": "https://registry.npmjs.org/undici-types/-/undici-types-5.26.5.tgz",
            "integrity": "sha512-JlCMO+ehdEIKqlFxk6IfVoAUVmgz7cU7zD/h9XZ0qzeosSHmUJVOzSQvvYSYWXkFXC+IfLKSIffhv0sVZup6pA==",
            "dev": true
        },
        "node_modules/uuid": {
            "version": "9.0.1",
            "resolved": "https://registry.npmjs.org/uuid/-/uuid-9.0.1.tgz",
            "integrity": "sha512-b+1eJOlsR9K8HJpow9Ok3fiWOWSIcIzXodvv0rQjVoOVNpWMpxf1wZNpt4y9h10odCNrqnYp1OBzRktckBe3sA==",
            "funding": [
                "https://github.com/sponsors/broofa",
                "https://github.com/sponsors/ctavan"
            ],
            "bin": {
                "uuid": "dist/bin/uuid"
            }
        }
    }
}
