{
    "name": "@local/api",
    "version": "0.0.0",
    "lockfileVersion": 3,
    "requires": true,
    "packages": {
        "": {
            "name": "@local/api",
            "version": "0.0.0",
            "license": "Apache-2.0",
            "dependencies": {
                "uuid": "^9.0.0"
            },
            "devDependencies": {
                "@mcma/api": "0.16.3-beta11",
                "@mcma/core": "0.16.3-beta11",
                "@mcma/data": "0.16.3-beta11",
                "@mcma/worker-invoker": "0.16.3-beta11",
                "@types/node": "^18.15.11",
                "@types/uuid": "^9.0.1"
            },
            "peerDependencies": {
                "@mcma/api": "0.16.3-beta11",
                "@mcma/core": "0.16.3-beta11",
                "@mcma/data": "0.16.3-beta11",
                "@mcma/worker-invoker": "0.16.3-beta11"
            }
        },
        "node_modules/@mcma/api": {
            "version": "0.16.3-beta11",
            "resolved": "http://localhost:4873/@mcma%2fapi/-/api-0.16.3-beta11.tgz",
            "integrity": "sha512-JakWEcV6RmeI84EpSaD1/anqVZQjNOyOGR+ysC2bWO73ke2NhzXJ2q1T2ufaREh405m83koSxkPM0JudPLCw5Q==",
            "dev": true,
            "license": "Apache-2.0",
            "dependencies": {
                "@types/uri-templates": "^0.1.30",
                "pluralize": "^7.0.0",
                "uri-templates": "^0.2.0",
                "uuid": "^9.0.0"
            },
            "engines": {
                "node": "^18.0.0"
            },
            "peerDependencies": {
                "@mcma/client": "0.16.3-beta11",
                "@mcma/core": "0.16.3-beta11",
                "@mcma/data": "0.16.3-beta11",
                "@mcma/secrets": "0.16.3-beta11",
                "@mcma/worker-invoker": "0.16.3-beta11"
            }
        },
        "node_modules/@mcma/client": {
            "version": "0.16.3-beta11",
            "resolved": "http://localhost:4873/@mcma%2fclient/-/client-0.16.3-beta11.tgz",
            "integrity": "sha512-kPEi26/PTTz1aTpich2v591brbm7A7oic5rlK2321Ams6fSQ++N0yvz7MYtLWVGI6jYoVH3O6qxjtEFMt33LSg==",
            "dev": true,
            "license": "Apache-2.0",
            "peer": true,
            "dependencies": {
                "axios": "^0.24.0"
            },
            "engines": {
                "node": "^18.0.0"
            },
            "peerDependencies": {
                "@mcma/core": "0.16.3-beta11",
                "@mcma/secrets": "0.16.3-beta11"
            }
        },
        "node_modules/@mcma/core": {
            "version": "0.16.3-beta11",
            "resolved": "http://localhost:4873/@mcma%2fcore/-/core-0.16.3-beta11.tgz",
            "integrity": "sha512-p/oY1HoFSnShg8FKbhI7kTJdc/B479ngQOBh74KmZEkGIvS8gIxIbbNYUi27AqJv9c0GoHhU14GASQYNqCxdHw==",
            "dev": true,
            "license": "Apache-2.0",
            "dependencies": {
                "uuid": "^9.0.0"
            },
            "engines": {
                "node": "^18.0.0"
            }
        },
        "node_modules/@mcma/data": {
            "version": "0.16.3-beta11",
            "resolved": "http://localhost:4873/@mcma%2fdata/-/data-0.16.3-beta11.tgz",
            "integrity": "sha512-0EL+u6Poy34hcbEdMLbv2Dg6/fW2SbWg3dc7XcTVmitDC9avfp5opIjznH49TNfCuRaOYMpZ/kc41KXmqpLcmA==",
            "dev": true,
            "license": "Apache-2.0",
            "engines": {
                "node": "^18.0.0"
            },
            "peerDependencies": {
                "@mcma/core": "0.16.3-beta11"
            }
        },
        "node_modules/@mcma/secrets": {
            "version": "0.16.3-beta11",
            "resolved": "http://localhost:4873/@mcma%2fsecrets/-/secrets-0.16.3-beta11.tgz",
            "integrity": "sha512-clqWDQy7qnBD8vvf62BcgIywewgcivon3lBlUap9LCRmY8gVF1XQpN2I9GbS6MSmnALup3nJzGRS/wok7fB2iw==",
            "dev": true,
            "license": "Apache-2.0",
            "peer": true,
            "engines": {
                "node": "^18.0.0"
            }
        },
        "node_modules/@mcma/worker-invoker": {
            "version": "0.16.3-beta11",
            "resolved": "http://localhost:4873/@mcma%2fworker-invoker/-/worker-invoker-0.16.3-beta11.tgz",
            "integrity": "sha512-yrzXuTS5Quwo4Wn6AttSVdsBlRlfnDapqphy1eJ7wvQJcw6KqR2LG7tIZJrqJIy1Nyc42YFQvja2xL7a8T32Qw==",
            "dev": true,
            "license": "Apache-2.0",
            "engines": {
                "node": "^18.0.0"
            },
            "peerDependencies": {
                "@mcma/core": "0.16.3-beta11"
            }
        },
        "node_modules/@types/node": {
            "version": "18.15.11",
            "resolved": "http://localhost:4873/@types%2fnode/-/node-18.15.11.tgz",
            "integrity": "sha512-E5Kwq2n4SbMzQOn6wnmBjuK9ouqlURrcZDVfbo9ftDDTFt3nk7ZKK4GMOzoYgnpQJKcxwQw+lGaBvvlMo0qN/Q==",
            "dev": true,
            "license": "MIT"
        },
        "node_modules/@types/uri-templates": {
            "version": "0.1.31",
            "resolved": "http://localhost:4873/@types%2furi-templates/-/uri-templates-0.1.31.tgz",
            "integrity": "sha512-sCokykpau15/CwBZvZg+HfcDcwre4/J3Zj7XyQgUrLS9OOdExIyK1tQ1tfQtM0P9qGU/U5y50FQOxqDX5rhcrQ==",
            "dev": true,
            "license": "MIT"
        },
        "node_modules/@types/uuid": {
            "version": "9.0.1",
            "resolved": "http://localhost:4873/@types%2fuuid/-/uuid-9.0.1.tgz",
            "integrity": "sha512-rFT3ak0/2trgvp4yYZo5iKFEPsET7vKydKF+VRCxlQ9bpheehyAJH89dAkaLEq/j/RZXJIqcgsmPJKUP1Z28HA==",
            "dev": true,
            "license": "MIT"
        },
        "node_modules/axios": {
            "version": "0.24.0",
            "resolved": "http://localhost:4873/axios/-/axios-0.24.0.tgz",
            "integrity": "sha512-Q6cWsys88HoPgAaFAVUb0WpPk0O8iTeisR9IMqy9G8AbO4NlpVknrnQS03zzF9PGAWgO3cgletO3VjV/P7VztA==",
            "dev": true,
            "license": "MIT",
            "peer": true,
            "dependencies": {
                "follow-redirects": "^1.14.4"
            }
        },
        "node_modules/follow-redirects": {
            "version": "1.15.2",
            "resolved": "http://localhost:4873/follow-redirects/-/follow-redirects-1.15.2.tgz",
            "integrity": "sha512-VQLG33o04KaQ8uYi2tVNbdrWp1QWxNNea+nmIB4EVM28v0hmP17z7aG1+wAkNzVq4KeXTq3221ye5qTJP91JwA==",
            "dev": true,
            "funding": [
                {
                    "type": "individual",
                    "url": "https://github.com/sponsors/RubenVerborgh"
                }
            ],
            "license": "MIT",
            "peer": true,
            "engines": {
                "node": ">=4.0"
            },
            "peerDependenciesMeta": {
                "debug": {
                    "optional": true
                }
            }
        },
        "node_modules/pluralize": {
            "version": "7.0.0",
            "resolved": "http://localhost:4873/pluralize/-/pluralize-7.0.0.tgz",
            "integrity": "sha512-ARhBOdzS3e41FbkW/XWrTEtukqqLoK5+Z/4UeDaLuSW+39JPeFgs4gCGqsrJHVZX0fUrx//4OF0K1CUGwlIFow==",
            "dev": true,
            "license": "MIT",
            "engines": {
                "node": ">=4"
            }
        },
        "node_modules/uri-templates": {
            "version": "0.2.0",
            "resolved": "http://localhost:4873/uri-templates/-/uri-templates-0.2.0.tgz",
            "integrity": "sha1-K1eEURzJCYaHMekjPCaAl9ELSZ8=",
            "dev": true,
            "license": "http://geraintluff.github.io/tv4/LICENSE.txt"
        },
        "node_modules/uuid": {
            "version": "9.0.0",
            "resolved": "http://localhost:4873/uuid/-/uuid-9.0.0.tgz",
            "integrity": "sha512-MXcSTerfPa4uqyzStbRoTgt5XIe3x5+42+q1sDuy3R5MDk66URdLMOZe5aPX/SQd+kuYAh0FdP/pO28IkQyTeg==",
            "license": "MIT",
            "bin": {
                "uuid": "dist/bin/uuid"
            }
        }
    }
}
