{
    "name": "@local/api",
    "version": "0.0.0",
    "lockfileVersion": 3,
    "requires": true,
    "packages": {
        "": {
            "name": "@local/api",
            "version": "0.0.0",
            "license": "Apache-2.0",
            "dependencies": {
                "uuid": "^9.0.0"
            },
            "devDependencies": {
                "@mcma/api": "0.16.11",
                "@mcma/core": "0.16.11",
                "@mcma/data": "0.16.11",
                "@mcma/worker-invoker": "0.16.11",
                "@types/node": "^18.15.11",
                "@types/uuid": "^9.0.1"
            },
            "peerDependencies": {
                "@mcma/api": "0.16.11",
                "@mcma/core": "0.16.11",
                "@mcma/data": "0.16.11",
                "@mcma/worker-invoker": "0.16.11"
            }
        },
        "node_modules/@mcma/api": {
            "version": "0.16.11",
            "resolved": "https://registry.npmjs.org/@mcma/api/-/api-0.16.11.tgz",
            "integrity": "sha512-iwqxkclDwosskzu3ZGmXoVAnYSxQNmwqaoWpyRAKKTwrSKJkAqMmJjMEoPRx4Oy4ItPGOS2yQQo2Ft+hFoqFuA==",
            "dev": true,
            "dependencies": {
                "@types/uri-templates": "^0.1.30",
                "pluralize": "^7.0.0",
                "uri-templates": "^0.2.0",
                "uuid": "^9.0.0"
            },
            "engines": {
                "node": "^18.0.0"
            },
            "peerDependencies": {
                "@mcma/client": "0.16.11",
                "@mcma/core": "0.16.11",
                "@mcma/data": "0.16.11",
                "@mcma/secrets": "0.16.11",
                "@mcma/worker-invoker": "0.16.11"
            }
        },
        "node_modules/@mcma/client": {
            "version": "0.16.11",
            "resolved": "https://registry.npmjs.org/@mcma/client/-/client-0.16.11.tgz",
            "integrity": "sha512-WF/OvU7vPjamtz/OtfN547wqMZfU9wXnZ4Q6BrKHOsNNK157DaR1NMBWZZD3QWNj/msmH7yIMkxU8N32bnJWFw==",
            "dev": true,
            "peer": true,
            "dependencies": {
                "axios": "^1.6.2"
            },
            "engines": {
                "node": "^18.0.0"
            },
            "peerDependencies": {
                "@mcma/core": "0.16.11",
                "@mcma/secrets": "0.16.11"
            }
        },
        "node_modules/@mcma/core": {
            "version": "0.16.11",
            "resolved": "https://registry.npmjs.org/@mcma/core/-/core-0.16.11.tgz",
            "integrity": "sha512-Wby4X2amvvNaFvz+pgdsA/aTIieLj84IzTz9O7TiE9n/TrnGKwAT4Idf/DySoTrK3U73ExNu7rEK9pUnNB2gwA==",
            "dev": true,
            "dependencies": {
                "uuid": "^9.0.0"
            },
            "engines": {
                "node": "^18.0.0"
            }
        },
        "node_modules/@mcma/data": {
            "version": "0.16.11",
            "resolved": "https://registry.npmjs.org/@mcma/data/-/data-0.16.11.tgz",
            "integrity": "sha512-XEMrCNDRsSW2GPFb3GqmHCo6cCtPaNhxG9R+h1FA8QgJsa78hyiSHXiAaAgqDH73O33q5GNLNnmzwM+9vgTIag==",
            "dev": true,
            "engines": {
                "node": "^18.0.0"
            },
            "peerDependencies": {
                "@mcma/core": "0.16.11"
            }
        },
        "node_modules/@mcma/secrets": {
            "version": "0.16.11",
            "resolved": "https://registry.npmjs.org/@mcma/secrets/-/secrets-0.16.11.tgz",
            "integrity": "sha512-NiGaEipmW1EsEWp3Dx1nPmfPl3A6L5Z8AvJ+NthFuCG2/Cqc7sNLx8j6kDjULrKtx8iB0Po03NwchJYhtJ+4pQ==",
            "dev": true,
            "peer": true,
            "engines": {
                "node": "^18.0.0"
            }
        },
        "node_modules/@mcma/worker-invoker": {
            "version": "0.16.11",
            "resolved": "https://registry.npmjs.org/@mcma/worker-invoker/-/worker-invoker-0.16.11.tgz",
            "integrity": "sha512-eS1CVjEG2MLsHHr/LIYLUVxQh/KSopmBi2GalWGSON1KV1HPkHhGADwB60/DTspcg4DgHc+KYcnK2azlkcu3rQ==",
            "dev": true,
            "engines": {
                "node": "^18.0.0"
            },
            "peerDependencies": {
                "@mcma/core": "0.16.11"
            }
        },
        "node_modules/@types/node": {
            "version": "18.18.13",
            "resolved": "https://registry.npmjs.org/@types/node/-/node-18.18.13.tgz",
            "integrity": "sha512-vXYZGRrSCreZmq1rEjMRLXJhiy8MrIeVasx+PCVlP414N7CJLHnMf+juVvjdprHyH+XRy3zKZLHeNueOpJCn0g==",
            "dev": true,
            "dependencies": {
                "undici-types": "~5.26.4"
            }
        },
        "node_modules/@types/uri-templates": {
            "version": "0.1.34",
            "resolved": "https://registry.npmjs.org/@types/uri-templates/-/uri-templates-0.1.34.tgz",
            "integrity": "sha512-13v4r/Op3iEO1y6FvEHQjrUNnrNyO67SigdFC9n80sVfsrM2AWJRNYbE1pBs4/p87I7z1J979JGeLAo3rM1L/Q==",
            "dev": true
        },
        "node_modules/@types/uuid": {
            "version": "9.0.7",
            "resolved": "https://registry.npmjs.org/@types/uuid/-/uuid-9.0.7.tgz",
            "integrity": "sha512-WUtIVRUZ9i5dYXefDEAI7sh9/O7jGvHg7Df/5O/gtH3Yabe5odI3UWopVR1qbPXQtvOxWu3mM4XxlYeZtMWF4g==",
            "dev": true
        },
        "node_modules/asynckit": {
            "version": "0.4.0",
            "resolved": "https://registry.npmjs.org/asynckit/-/asynckit-0.4.0.tgz",
            "integrity": "sha512-Oei9OH4tRh0YqU3GxhX79dM/mwVgvbZJaSNaRk+bshkj0S5cfHcgYakreBjrHwatXKbz+IoIdYLxrKim2MjW0Q==",
            "dev": true,
            "peer": true
        },
        "node_modules/axios": {
            "version": "1.6.2",
            "resolved": "https://registry.npmjs.org/axios/-/axios-1.6.2.tgz",
            "integrity": "sha512-7i24Ri4pmDRfJTR7LDBhsOTtcm+9kjX5WiY1X3wIisx6G9So3pfMkEiU7emUBe46oceVImccTEM3k6C5dbVW8A==",
            "dev": true,
            "peer": true,
            "dependencies": {
                "follow-redirects": "^1.15.0",
                "form-data": "^4.0.0",
                "proxy-from-env": "^1.1.0"
            }
        },
        "node_modules/combined-stream": {
            "version": "1.0.8",
            "resolved": "https://registry.npmjs.org/combined-stream/-/combined-stream-1.0.8.tgz",
            "integrity": "sha512-FQN4MRfuJeHf7cBbBMJFXhKSDq+2kAArBlmRBvcvFE5BB1HZKXtSFASDhdlz9zOYwxh8lDdnvmMOe/+5cdoEdg==",
            "dev": true,
            "peer": true,
            "dependencies": {
                "delayed-stream": "~1.0.0"
            },
            "engines": {
                "node": ">= 0.8"
            }
        },
        "node_modules/delayed-stream": {
            "version": "1.0.0",
            "resolved": "https://registry.npmjs.org/delayed-stream/-/delayed-stream-1.0.0.tgz",
            "integrity": "sha512-ZySD7Nf91aLB0RxL4KGrKHBXl7Eds1DAmEdcoVawXnLD7SDhpNgtuII2aAkg7a7QS41jxPSZ17p4VdGnMHk3MQ==",
            "dev": true,
            "peer": true,
            "engines": {
                "node": ">=0.4.0"
            }
        },
        "node_modules/follow-redirects": {
            "version": "1.15.3",
            "resolved": "https://registry.npmjs.org/follow-redirects/-/follow-redirects-1.15.3.tgz",
            "integrity": "sha512-1VzOtuEM8pC9SFU1E+8KfTjZyMztRsgEfwQl44z8A25uy13jSzTj6dyK2Df52iV0vgHCfBwLhDWevLn95w5v6Q==",
            "dev": true,
            "funding": [
                {
                    "type": "individual",
                    "url": "https://github.com/sponsors/RubenVerborgh"
                }
            ],
            "peer": true,
            "engines": {
                "node": ">=4.0"
            },
            "peerDependenciesMeta": {
                "debug": {
                    "optional": true
                }
            }
        },
        "node_modules/form-data": {
            "version": "4.0.0",
            "resolved": "https://registry.npmjs.org/form-data/-/form-data-4.0.0.tgz",
            "integrity": "sha512-ETEklSGi5t0QMZuiXoA/Q6vcnxcLQP5vdugSpuAyi6SVGi2clPPp+xgEhuMaHC+zGgn31Kd235W35f7Hykkaww==",
            "dev": true,
            "peer": true,
            "dependencies": {
                "asynckit": "^0.4.0",
                "combined-stream": "^1.0.8",
                "mime-types": "^2.1.12"
            },
            "engines": {
                "node": ">= 6"
            }
        },
        "node_modules/mime-db": {
            "version": "1.52.0",
            "resolved": "https://registry.npmjs.org/mime-db/-/mime-db-1.52.0.tgz",
            "integrity": "sha512-sPU4uV7dYlvtWJxwwxHD0PuihVNiE7TyAbQ5SWxDCB9mUYvOgroQOwYQQOKPJ8CIbE+1ETVlOoK1UC2nU3gYvg==",
            "dev": true,
            "peer": true,
            "engines": {
                "node": ">= 0.6"
            }
        },
        "node_modules/mime-types": {
            "version": "2.1.35",
            "resolved": "https://registry.npmjs.org/mime-types/-/mime-types-2.1.35.tgz",
            "integrity": "sha512-ZDY+bPm5zTTF+YpCrAU9nK0UgICYPT0QtT1NZWFv4s++TNkcgVaT0g6+4R2uI4MjQjzysHB1zxuWL50hzaeXiw==",
            "dev": true,
            "peer": true,
            "dependencies": {
                "mime-db": "1.52.0"
            },
            "engines": {
                "node": ">= 0.6"
            }
        },
        "node_modules/pluralize": {
            "version": "7.0.0",
            "resolved": "https://registry.npmjs.org/pluralize/-/pluralize-7.0.0.tgz",
            "integrity": "sha512-ARhBOdzS3e41FbkW/XWrTEtukqqLoK5+Z/4UeDaLuSW+39JPeFgs4gCGqsrJHVZX0fUrx//4OF0K1CUGwlIFow==",
            "dev": true,
            "engines": {
                "node": ">=4"
            }
        },
        "node_modules/proxy-from-env": {
            "version": "1.1.0",
            "resolved": "https://registry.npmjs.org/proxy-from-env/-/proxy-from-env-1.1.0.tgz",
            "integrity": "sha512-D+zkORCbA9f1tdWRK0RaCR3GPv50cMxcrz4X8k5LTSUD1Dkw47mKJEZQNunItRTkWwgtaUSo1RVFRIG9ZXiFYg==",
            "dev": true,
            "peer": true
        },
        "node_modules/undici-types": {
            "version": "5.26.5",
            "resolved": "https://registry.npmjs.org/undici-types/-/undici-types-5.26.5.tgz",
            "integrity": "sha512-JlCMO+ehdEIKqlFxk6IfVoAUVmgz7cU7zD/h9XZ0qzeosSHmUJVOzSQvvYSYWXkFXC+IfLKSIffhv0sVZup6pA==",
            "dev": true
        },
        "node_modules/uri-templates": {
            "version": "0.2.0",
            "resolved": "https://registry.npmjs.org/uri-templates/-/uri-templates-0.2.0.tgz",
            "integrity": "sha512-EWkjYEN0L6KOfEoOH6Wj4ghQqU7eBZMJqRHQnxQAq+dSEzRPClkWjf8557HkWQXF6BrAUoLSAyy9i3RVTliaNg==",
            "dev": true
        },
        "node_modules/uuid": {
            "version": "9.0.1",
            "resolved": "https://registry.npmjs.org/uuid/-/uuid-9.0.1.tgz",
            "integrity": "sha512-b+1eJOlsR9K8HJpow9Ok3fiWOWSIcIzXodvv0rQjVoOVNpWMpxf1wZNpt4y9h10odCNrqnYp1OBzRktckBe3sA==",
            "funding": [
                "https://github.com/sponsors/broofa",
                "https://github.com/sponsors/ctavan"
            ],
            "bin": {
                "uuid": "dist/bin/uuid"
            }
        }
    }
}
