{
    "name": "@local/job-checker",
    "version": "0.0.0",
    "lockfileVersion": 3,
    "requires": true,
    "packages": {
        "": {
            "name": "@local/job-checker",
            "version": "0.0.0",
            "license": "Apache-2.0",
            "dependencies": {
                "uuid": "^11.0.3"
            },
            "devDependencies": {
                "@mcma/core": "1.0.0-beta7",
                "@mcma/data": "1.0.0-beta7",
                "@mcma/worker-invoker": "1.0.0-beta7",
                "@types/node": "^22.10.2"
            },
            "peerDependencies": {
                "@mcma/core": "1.0.0-beta7",
                "@mcma/data": "1.0.0-beta7",
                "@mcma/worker-invoker": "1.0.0-beta7"
            }
        },
        "node_modules/@mcma/core": {
            "version": "1.0.0-beta7",
            "resolved": "http://localhost:4873/@mcma/core/-/core-1.0.0-beta7.tgz",
            "integrity": "sha512-avet894ZazJp6UTnA106zK0y2iOlXuYzc7NptK+PFyGY9NfF0XKjQPm2YoA2fW7gWHyA3Mf7N03mJoDvzs75+A==",
            "dev": true,
            "license": "Apache-2.0",
            "dependencies": {
                "uuid": "^11.0.3"
            },
            "engines": {
                "node": ">=18.0.0"
            }
        },
        "node_modules/@mcma/data": {
            "version": "1.0.0-beta7",
            "resolved": "http://localhost:4873/@mcma/data/-/data-1.0.0-beta7.tgz",
            "integrity": "sha512-hry3xi9DE2ufWSJRbzM/IvyZ9OlK6/CZiIx611zBKZWAyXvpQyfh8O34qpo9Kr3gxODebK6qQZNmYdIk8WwSlg==",
            "dev": true,
            "license": "Apache-2.0",
            "engines": {
                "node": ">=18.0.0"
            },
            "peerDependencies": {
                "@mcma/core": "1.0.0-beta7"
            }
        },
        "node_modules/@mcma/worker-invoker": {
            "version": "1.0.0-beta7",
            "resolved": "http://localhost:4873/@mcma/worker-invoker/-/worker-invoker-1.0.0-beta7.tgz",
            "integrity": "sha512-9Cg+MRKjgdt9dkxyq2vAlcEEascB0mcb4iTwlJDsthBi/UQEi/lwCQtmKQkxZkMEIZilZGsPZDZR6LhBa9LDvg==",
            "dev": true,
            "license": "Apache-2.0",
            "engines": {
                "node": ">=18.0.0"
            },
            "peerDependencies": {
                "@mcma/core": "1.0.0-beta7"
            }
        },
        "node_modules/@types/node": {
            "version": "22.10.2",
            "resolved": "http://localhost:4873/@types/node/-/node-22.10.2.tgz",
            "integrity": "sha512-Xxr6BBRCAOQixvonOye19wnzyDiUtTeqldOOmj3CkeblonbccA12PFwlufvRdrpjXxqnmUaeiU5EOA+7s5diUQ==",
            "dev": true,
            "license": "MIT",
            "dependencies": {
                "undici-types": "~6.20.0"
            }
        },
        "node_modules/undici-types": {
            "version": "6.20.0",
            "resolved": "http://localhost:4873/undici-types/-/undici-types-6.20.0.tgz",
            "integrity": "sha512-Ny6QZ2Nju20vw1SRHe3d9jVu6gJ+4e3+MMpqu7pqE5HT6WsTSlce++GQmK5UXS8mzV8DSYHrQH+Xrf2jVcuKNg==",
            "dev": true,
            "license": "MIT"
        },
        "node_modules/uuid": {
            "version": "11.0.3",
            "resolved": "http://localhost:4873/uuid/-/uuid-11.0.3.tgz",
            "integrity": "sha512-d0z310fCWv5dJwnX1Y/MncBAqGMKEzlBb1AOf7z9K8ALnd0utBX/msg/fA0+sbyN1ihbMsLhrBlnl1ak7Wa0rg==",
            "funding": [
                "https://github.com/sponsors/broofa",
                "https://github.com/sponsors/ctavan"
            ],
            "license": "MIT",
            "bin": {
                "uuid": "dist/esm/bin/uuid"
            }
        }
    }
}
