{
    "name": "@local/job-checker",
    "version": "0.0.0",
    "lockfileVersion": 3,
    "requires": true,
    "packages": {
        "": {
            "name": "@local/job-checker",
            "version": "0.0.0",
            "license": "Apache-2.0",
            "dependencies": {
                "uuid": "^9.0.1"
            },
            "devDependencies": {
                "@mcma/core": "0.16.21",
                "@mcma/data": "0.16.21",
                "@mcma/worker-invoker": "0.16.21",
                "@types/node": "^18.19.34",
                "@types/uuid": "^9.0.8"
            },
            "peerDependencies": {
                "@mcma/core": "0.16.21",
                "@mcma/data": "0.16.21",
                "@mcma/worker-invoker": "0.16.21"
            }
        },
        "node_modules/@mcma/core": {
            "version": "0.16.21",
            "resolved": "https://registry.npmjs.org/@mcma/core/-/core-0.16.21.tgz",
            "integrity": "sha512-e6yHgO8Tjsd5LLgMh13twHO1FNGLkm7Um7r2zrvdWoMrOuoHssjwUbdCFOul3CZKyVkyHscmzj/ukPt7UM7aKw==",
            "dev": true,
            "dependencies": {
                "uuid": "^9.0.1"
            },
            "engines": {
                "node": ">=18.0.0"
            }
        },
        "node_modules/@mcma/data": {
            "version": "0.16.21",
            "resolved": "https://registry.npmjs.org/@mcma/data/-/data-0.16.21.tgz",
            "integrity": "sha512-vksBhxL0WC5q2VzCJonFJ1Ty7tnim5aHlkmYTlL9B8Hrm4XKtcURB4uJF2UFIRVf5YoqyKQgWSNDF7A1RsQPyA==",
            "dev": true,
            "engines": {
                "node": ">=18.0.0"
            },
            "peerDependencies": {
                "@mcma/core": "0.16.21"
            }
        },
        "node_modules/@mcma/worker-invoker": {
            "version": "0.16.21",
            "resolved": "https://registry.npmjs.org/@mcma/worker-invoker/-/worker-invoker-0.16.21.tgz",
            "integrity": "sha512-RN7BbwiBXXo4SgEULWLQIxC/N8D/aGMtZxzxa50Z2wPqN5VSasAoTdw+fgHHDFUDyh158KgCd+BwZrahRoo1yA==",
            "dev": true,
            "engines": {
                "node": ">=18.0.0"
            },
            "peerDependencies": {
                "@mcma/core": "0.16.21"
            }
        },
        "node_modules/@types/node": {
            "version": "18.19.39",
            "resolved": "https://registry.npmjs.org/@types/node/-/node-18.19.39.tgz",
            "integrity": "sha512-nPwTRDKUctxw3di5b4TfT3I0sWDiWoPQCZjXhvdkINntwr8lcoVCKsTgnXeRubKIlfnV+eN/HYk6Jb40tbcEAQ==",
            "dev": true,
            "dependencies": {
                "undici-types": "~5.26.4"
            }
        },
        "node_modules/@types/uuid": {
            "version": "9.0.8",
            "resolved": "https://registry.npmjs.org/@types/uuid/-/uuid-9.0.8.tgz",
            "integrity": "sha512-jg+97EGIcY9AGHJJRaaPVgetKDsrTgbRjQ5Msgjh/DQKEFl0DtyRr/VCOyD1T2R1MNeWPK/u7JoGhlDZnKBAfA==",
            "dev": true
        },
        "node_modules/undici-types": {
            "version": "5.26.5",
            "resolved": "https://registry.npmjs.org/undici-types/-/undici-types-5.26.5.tgz",
            "integrity": "sha512-JlCMO+ehdEIKqlFxk6IfVoAUVmgz7cU7zD/h9XZ0qzeosSHmUJVOzSQvvYSYWXkFXC+IfLKSIffhv0sVZup6pA==",
            "dev": true
        },
        "node_modules/uuid": {
            "version": "9.0.1",
            "resolved": "https://registry.npmjs.org/uuid/-/uuid-9.0.1.tgz",
            "integrity": "sha512-b+1eJOlsR9K8HJpow9Ok3fiWOWSIcIzXodvv0rQjVoOVNpWMpxf1wZNpt4y9h10odCNrqnYp1OBzRktckBe3sA==",
            "funding": [
                "https://github.com/sponsors/broofa",
                "https://github.com/sponsors/ctavan"
            ],
            "bin": {
                "uuid": "dist/bin/uuid"
            }
        }
    }
}
